
Microsoft Visual Studio Solution File, Format Version 12.00
# Visual Studio 15
VisualStudioVersion = 15.0.28307.329
MinimumVisualStudioVersion = 10.0.40219.1
Project("{FAE04EC0-301F-11D3-BF4B-00C04F79EFBC}") = "Core", "Core\Core.csproj", "{3F14FC4C-4F41-499F-A2BB-484A549CDAD6}"
EndProject
Project("{FAE04EC0-301F-11D3-BF4B-00C04F79EFBC}") = "IteratorPattern", "IteratorPattern\IteratorPattern.csproj", "{1C1D5147-98FE-4032-AA1D-F82344286F34}"
EndProject
Global
	GlobalSection(SolutionConfigurationPlatforms) = preSolution
		Debug|Any CPU = Debug|Any CPU
		Release|Any CPU = Release|Any CPU
	EndGlobalSection
	GlobalSection(ProjectConfigurationPlatforms) = postSolution
		{3F14FC4C-4F41-499F-A2BB-484A549CDAD6}.Debug|Any CPU.ActiveCfg = Debug|Any CPU
		{3F14FC4C-4F41-499F-A2BB-484A549CDAD6}.Debug|Any CPU.Build.0 = Debug|Any CPU
		{3F14FC4C-4F41-499F-A2BB-484A549CDAD6}.Release|Any CPU.ActiveCfg = Release|Any CPU
		{3F14FC4C-4F41-499F-A2BB-484A549CDAD6}.Release|Any CPU.Build.0 = Release|Any CPU
		{1C1D5147-98FE-4032-AA1D-F82344286F34}.Debug|Any CPU.ActiveCfg = Debug|Any CPU
		{1C1D5147-98FE-4032-AA1D-F82344286F34}.Debug|Any CPU.Build.0 = Debug|Any CPU
		{1C1D5147-98FE-4032-AA1D-F82344286F34}.Release|Any CPU.ActiveCfg = Release|Any CPU
		{1C1D5147-98FE-4032-AA1D-F82344286F34}.Release|Any CPU.Build.0 = Release|Any CPU
	EndGlobalSection
	GlobalSection(SolutionProperties) = preSolution
		HideSolutionNode = FALSE
	EndGlobalSection
	GlobalSection(ExtensibilityGlobals) = postSolution
		SolutionGuid = {870345B3-37B8-48C8-B84A-03EFB3D3A611}
	EndGlobalSection
EndGlobal
